
Microsoft Visual Studio Solution File, Format Version 12.00
# Visual Studio 15
VisualStudioVersion = 15.0.26730.16
MinimumVisualStudioVersion = 10.0.40219.1
Project("{FAE04EC0-301F-11D3-BF4B-00C04F79EFBC}") = "Jansk.Pathfinding", "Jansk.Pathfinding.csproj", "{379A17EE-CC94-401F-8440-719D95CADD7C}"
EndProject
Global
	GlobalSection(SolutionConfigurationPlatforms) = preSolution
		Debug|Any CPU = Debug|Any CPU
		Release|Any CPU = Release|Any CPU
	EndGlobalSection
	GlobalSection(ProjectConfigurationPlatforms) = postSolution
		{379A17EE-CC94-401F-8440-719D95CADD7C}.Debug|Any CPU.ActiveCfg = Debug|Any CPU
		{379A17EE-CC94-401F-8440-719D95CADD7C}.Debug|Any CPU.Build.0 = Debug|Any CPU
		{379A17EE-CC94-401F-8440-719D95CADD7C}.Release|Any CPU.ActiveCfg = Release|Any CPU
		{379A17EE-CC94-401F-8440-719D95CADD7C}.Release|Any CPU.Build.0 = Release|Any CPU
	EndGlobalSection
	GlobalSection(SolutionProperties) = preSolution
		HideSolutionNode = FALSE
	EndGlobalSection
	GlobalSection(ExtensibilityGlobals) = postSolution
		SolutionGuid = {7266A00E-ACD9-46FA-A833-CC7131E6BDAC}
	EndGlobalSection
EndGlobal
